
Microsoft Visual Studio Solution File, Format Version 12.00
# Visual Studio Version 17
VisualStudioVersion = 17.4.33213.308
MinimumVisualStudioVersion = 10.0.40219.1
Project("{FAE04EC0-301F-11D3-BF4B-00C04F79EFBC}") = "Task_Manager", "Task_Manager\Task_Manager.csproj", "{D1D2FE59-A6A4-49D1-A480-3671FEC21780}"
EndProject
Global
	GlobalSection(SolutionConfigurationPlatforms) = preSolution
		Debug|Any CPU = Debug|Any CPU
		Release|Any CPU = Release|Any CPU
	EndGlobalSection
	GlobalSection(ProjectConfigurationPlatforms) = postSolution
		{D1D2FE59-A6A4-49D1-A480-3671FEC21780}.Debug|Any CPU.ActiveCfg = Debug|Any CPU
		{D1D2FE59-A6A4-49D1-A480-3671FEC21780}.Debug|Any CPU.Build.0 = Debug|Any CPU
		{D1D2FE59-A6A4-49D1-A480-3671FEC21780}.Release|Any CPU.ActiveCfg = Release|Any CPU
		{D1D2FE59-A6A4-49D1-A480-3671FEC21780}.Release|Any CPU.Build.0 = Release|Any CPU
	EndGlobalSection
	GlobalSection(SolutionProperties) = preSolution
		HideSolutionNode = FALSE
	EndGlobalSection
	GlobalSection(ExtensibilityGlobals) = postSolution
		SolutionGuid = {6DDD6B9E-E24F-4072-8F6A-B7CFBCA8E5E6}
	EndGlobalSection
EndGlobal
